
Microsoft Visual Studio Solution File, Format Version 12.00
# Visual Studio Version 17
VisualStudioVersion = 17.3.32825.248
MinimumVisualStudioVersion = 10.0.40219.1
Project("{FAE04EC0-301F-11D3-BF4B-00C04F79EFBC}") = "WindowsFormsApp1", "WindowsFormsApp1\WindowsFormsApp1.csproj", "{FCA4BF31-8441-4056-B6BE-EE0CF717415E}"
EndProject
Global
	GlobalSection(SolutionConfigurationPlatforms) = preSolution
		Debug|Any CPU = Debug|Any CPU
		Release|Any CPU = Release|Any CPU
	EndGlobalSection
	GlobalSection(ProjectConfigurationPlatforms) = postSolution
		{FCA4BF31-8441-4056-B6BE-EE0CF717415E}.Debug|Any CPU.ActiveCfg = Debug|Any CPU
		{FCA4BF31-8441-4056-B6BE-EE0CF717415E}.Debug|Any CPU.Build.0 = Debug|Any CPU
		{FCA4BF31-8441-4056-B6BE-EE0CF717415E}.Release|Any CPU.ActiveCfg = Release|Any CPU
		{FCA4BF31-8441-4056-B6BE-EE0CF717415E}.Release|Any CPU.Build.0 = Release|Any CPU
	EndGlobalSection
	GlobalSection(SolutionProperties) = preSolution
		HideSolutionNode = FALSE
	EndGlobalSection
	GlobalSection(ExtensibilityGlobals) = postSolution
		SolutionGuid = {D9DFBCD7-5DD4-4BB2-BAB8-37B7DB8E72DF}
	EndGlobalSection
EndGlobal
